{
  "name": "pocketbase",
  "lockfileVersion": 2,
  "requires": true,
  "packages": {
    "": {
      "dependencies": {
        "pocketbase": "^0.7.1"
      }
    },
    "node_modules/pocketbase": {
      "version": "0.7.1",
      "resolved": "https://registry.npmjs.org/pocketbase/-/pocketbase-0.7.1.tgz",
      "integrity": "sha512-uA/Ltci3OrZ/sYfOjB/SCQX87xnB0Gowci0eUNgK7Sb0gk68Yy79ynTKgcmrw6wdXXVrY/vOoNR/DU8oahCBAA=="
    }
  },
  "dependencies": {
    "pocketbase": {
      "version": "0.7.1",
      "resolved": "https://registry.npmjs.org/pocketbase/-/pocketbase-0.7.1.tgz",
      "integrity": "sha512-uA/Ltci3OrZ/sYfOjB/SCQX87xnB0Gowci0eUNgK7Sb0gk68Yy79ynTKgcmrw6wdXXVrY/vOoNR/DU8oahCBAA=="
    }
  }
}
